# THIS IS AN AUTOGENERATED FILE. DO NOT EDIT THIS FILE DIRECTLY.
# yarn lockfile v1


onscan.js@^1.5.2:
  version "1.5.2"
  resolved "https://registry.npmjs.org/onscan.js/-/onscan.js-1.5.2.tgz"
  integrity sha512-9oGYy2gXYRjvXO9GYqqVca0VuCTAmWhbmX3egBSBP13rXiMNb+dKPJzKFEeECGqPBpf0m40Zoo+GUQ7eCackdw==
